
Microsoft Visual Studio Solution File, Format Version 12.00
# Visual Studio Version 16
VisualStudioVersion = 16.0.31105.61
MinimumVisualStudioVersion = 10.0.40219.1
Project("{FAE04EC0-301F-11D3-BF4B-00C04F79EFBC}") = "PropertySales", "PropertySales\PropertySales.csproj", "{C2FCCC98-DB7B-4364-B2DF-A63E5F06C407}"
EndProject
Global
	GlobalSection(SolutionConfigurationPlatforms) = preSolution
		Debug|Any CPU = Debug|Any CPU
		Release|Any CPU = Release|Any CPU
	EndGlobalSection
	GlobalSection(ProjectConfigurationPlatforms) = postSolution
		{C2FCCC98-DB7B-4364-B2DF-A63E5F06C407}.Debug|Any CPU.ActiveCfg = Debug|Any CPU
		{C2FCCC98-DB7B-4364-B2DF-A63E5F06C407}.Debug|Any CPU.Build.0 = Debug|Any CPU
		{C2FCCC98-DB7B-4364-B2DF-A63E5F06C407}.Release|Any CPU.ActiveCfg = Release|Any CPU
		{C2FCCC98-DB7B-4364-B2DF-A63E5F06C407}.Release|Any CPU.Build.0 = Release|Any CPU
	EndGlobalSection
	GlobalSection(SolutionProperties) = preSolution
		HideSolutionNode = FALSE
	EndGlobalSection
	GlobalSection(ExtensibilityGlobals) = postSolution
		SolutionGuid = {32C2D456-BE90-4593-9EC2-F4E5B24FC19F}
	EndGlobalSection
EndGlobal
